
Microsoft Visual Studio Solution File, Format Version 12.00
# Visual Studio Version 17
VisualStudioVersion = 17.0.32112.339
MinimumVisualStudioVersion = 10.0.40219.1
Project("{FAE04EC0-301F-11D3-BF4B-00C04F79EFBC}") = "PedidosGolosinas", "PedidosGolosinas.csproj", "{0F51636E-C9AD-40A9-93B4-BE9B77817A6A}"
EndProject
Project("{FAE04EC0-301F-11D3-BF4B-00C04F79EFBC}") = "Datos", "..\Datos\Datos.csproj", "{98B6CC1F-DEC3-42D1-B324-6AF4A4816FD2}"
EndProject
Global
	GlobalSection(SolutionConfigurationPlatforms) = preSolution
		Debug|Any CPU = Debug|Any CPU
		Release|Any CPU = Release|Any CPU
	EndGlobalSection
	GlobalSection(ProjectConfigurationPlatforms) = postSolution
		{0F51636E-C9AD-40A9-93B4-BE9B77817A6A}.Debug|Any CPU.ActiveCfg = Debug|Any CPU
		{0F51636E-C9AD-40A9-93B4-BE9B77817A6A}.Debug|Any CPU.Build.0 = Debug|Any CPU
		{0F51636E-C9AD-40A9-93B4-BE9B77817A6A}.Release|Any CPU.ActiveCfg = Release|Any CPU
		{0F51636E-C9AD-40A9-93B4-BE9B77817A6A}.Release|Any CPU.Build.0 = Release|Any CPU
		{98B6CC1F-DEC3-42D1-B324-6AF4A4816FD2}.Debug|Any CPU.ActiveCfg = Debug|Any CPU
		{98B6CC1F-DEC3-42D1-B324-6AF4A4816FD2}.Debug|Any CPU.Build.0 = Debug|Any CPU
		{98B6CC1F-DEC3-42D1-B324-6AF4A4816FD2}.Release|Any CPU.ActiveCfg = Release|Any CPU
		{98B6CC1F-DEC3-42D1-B324-6AF4A4816FD2}.Release|Any CPU.Build.0 = Release|Any CPU
	EndGlobalSection
	GlobalSection(SolutionProperties) = preSolution
		HideSolutionNode = FALSE
	EndGlobalSection
	GlobalSection(ExtensibilityGlobals) = postSolution
		SolutionGuid = {AA0D424E-F65F-48BB-8DDF-9E63A243D1D5}
	EndGlobalSection
EndGlobal
